
Microsoft Visual Studio Solution File, Format Version 12.00
# Visual Studio Version 17
VisualStudioVersion = 17.3.32804.467
MinimumVisualStudioVersion = 10.0.40219.1
Project("{FAE04EC0-301F-11D3-BF4B-00C04F79EFBC}") = "Todo", "Todo\Todo.csproj", "{2AC8A892-06AC-42C0-BCD4-CA0E1D0C0664}"
EndProject
Global
	GlobalSection(SolutionConfigurationPlatforms) = preSolution
		Debug|Any CPU = Debug|Any CPU
		Release|Any CPU = Release|Any CPU
	EndGlobalSection
	GlobalSection(ProjectConfigurationPlatforms) = postSolution
		{2AC8A892-06AC-42C0-BCD4-CA0E1D0C0664}.Debug|Any CPU.ActiveCfg = Debug|Any CPU
		{2AC8A892-06AC-42C0-BCD4-CA0E1D0C0664}.Debug|Any CPU.Build.0 = Debug|Any CPU
		{2AC8A892-06AC-42C0-BCD4-CA0E1D0C0664}.Release|Any CPU.ActiveCfg = Release|Any CPU
		{2AC8A892-06AC-42C0-BCD4-CA0E1D0C0664}.Release|Any CPU.Build.0 = Release|Any CPU
	EndGlobalSection
	GlobalSection(SolutionProperties) = preSolution
		HideSolutionNode = FALSE
	EndGlobalSection
	GlobalSection(ExtensibilityGlobals) = postSolution
		SolutionGuid = {A6DAF37F-E517-4402-A4C5-6F6461020394}
	EndGlobalSection
EndGlobal
